
Microsoft Visual Studio Solution File, Format Version 12.00
# Visual Studio Version 16
VisualStudioVersion = 16.0.29613.14
MinimumVisualStudioVersion = 10.0.40219.1
Project("{FAE04EC0-301F-11D3-BF4B-00C04F79EFBC}") = "RazorPagesMovie", "RazorPagesMovie.csproj", "{3AF36593-46BA-4F70-90ED-46299D176114}"
EndProject
Global
	GlobalSection(SolutionConfigurationPlatforms) = preSolution
		Debug|Any CPU = Debug|Any CPU
		Release|Any CPU = Release|Any CPU
	EndGlobalSection
	GlobalSection(ProjectConfigurationPlatforms) = postSolution
		{3AF36593-46BA-4F70-90ED-46299D176114}.Debug|Any CPU.ActiveCfg = Debug|Any CPU
		{3AF36593-46BA-4F70-90ED-46299D176114}.Debug|Any CPU.Build.0 = Debug|Any CPU
		{3AF36593-46BA-4F70-90ED-46299D176114}.Release|Any CPU.ActiveCfg = Release|Any CPU
		{3AF36593-46BA-4F70-90ED-46299D176114}.Release|Any CPU.Build.0 = Release|Any CPU
	EndGlobalSection
	GlobalSection(SolutionProperties) = preSolution
		HideSolutionNode = FALSE
	EndGlobalSection
	GlobalSection(ExtensibilityGlobals) = postSolution
		SolutionGuid = {5B5D959A-134B-479B-921E-7E3076489CC4}
	EndGlobalSection
EndGlobal
