
Microsoft Visual Studio Solution File, Format Version 12.00
# Visual Studio Version 16
VisualStudioVersion = 16.0.29613.14
MinimumVisualStudioVersion = 10.0.40219.1
Project("{FAE04EC0-301F-11D3-BF4B-00C04F79EFBC}") = "BlindTest", "BlindTest.csproj", "{8A97FF7D-3110-4509-B5ED-4A83A86700BB}"
EndProject
Global
	GlobalSection(SolutionConfigurationPlatforms) = preSolution
		Debug|Any CPU = Debug|Any CPU
		Release|Any CPU = Release|Any CPU
	EndGlobalSection
	GlobalSection(ProjectConfigurationPlatforms) = postSolution
		{8A97FF7D-3110-4509-B5ED-4A83A86700BB}.Debug|Any CPU.ActiveCfg = Debug|Any CPU
		{8A97FF7D-3110-4509-B5ED-4A83A86700BB}.Debug|Any CPU.Build.0 = Debug|Any CPU
		{8A97FF7D-3110-4509-B5ED-4A83A86700BB}.Release|Any CPU.ActiveCfg = Release|Any CPU
		{8A97FF7D-3110-4509-B5ED-4A83A86700BB}.Release|Any CPU.Build.0 = Release|Any CPU
	EndGlobalSection
	GlobalSection(SolutionProperties) = preSolution
		HideSolutionNode = FALSE
	EndGlobalSection
	GlobalSection(ExtensibilityGlobals) = postSolution
		SolutionGuid = {8154879A-1A78-4AB8-B0B4-793CE52BB5A6}
	EndGlobalSection
EndGlobal
